
Microsoft Visual Studio Solution File, Format Version 12.00
# Visual Studio Version 16
VisualStudioVersion = 16.0.30621.155
MinimumVisualStudioVersion = 10.0.40219.1
Project("{FAE04EC0-301F-11D3-BF4B-00C04F79EFBC}") = "resetagahanap", "newtest\resetagahanap.csproj", "{202EE5CE-B719-4E61-948F-A313049D73E0}"
EndProject
Global
	GlobalSection(SolutionConfigurationPlatforms) = preSolution
		Debug|Any CPU = Debug|Any CPU
		Release|Any CPU = Release|Any CPU
	EndGlobalSection
	GlobalSection(ProjectConfigurationPlatforms) = postSolution
		{202EE5CE-B719-4E61-948F-A313049D73E0}.Debug|Any CPU.ActiveCfg = Debug|Any CPU
		{202EE5CE-B719-4E61-948F-A313049D73E0}.Debug|Any CPU.Build.0 = Debug|Any CPU
		{202EE5CE-B719-4E61-948F-A313049D73E0}.Release|Any CPU.ActiveCfg = Release|Any CPU
		{202EE5CE-B719-4E61-948F-A313049D73E0}.Release|Any CPU.Build.0 = Release|Any CPU
	EndGlobalSection
	GlobalSection(SolutionProperties) = preSolution
		HideSolutionNode = FALSE
	EndGlobalSection
	GlobalSection(ExtensibilityGlobals) = postSolution
		SolutionGuid = {56B838F5-7611-4F9D-8627-A1661079F7A1}
	EndGlobalSection
EndGlobal
